Microsoft Visual Studio Solution File, Format Version 11.00
# Visual Studio 2010
Project("{E24C65DC-7377-472B-9ABA-BC803B73C61A}") = "WebSLDemo", ".", "{E79735B3-CC8C-4213-AE7E-9AB5B03C3824}"
	ProjectSection(WebsiteProperties) = preProject
		TargetFrameworkMoniker = ".NETFramework,Version%3Dv4.0"
		Debug.AspNetCompiler.VirtualPath = "/WebSLDemo"
		Debug.AspNetCompiler.PhysicalPath = "..\WebSLDemo\"
		Debug.AspNetCompiler.TargetPath = "PrecompiledWeb\WebSLDemo\"
		Debug.AspNetCompiler.Updateable = "true"
		Debug.AspNetCompiler.ForceOverwrite = "true"
		Debug.AspNetCompiler.FixedNames = "false"
		Debug.AspNetCompiler.Debug = "True"
		Release.AspNetCompiler.VirtualPath = "/WebSLDemo"
		Release.AspNetCompiler.PhysicalPath = "..\WebSLDemo\"
		Release.AspNetCompiler.TargetPath = "PrecompiledWeb\WebSLDemo\"
		Release.AspNetCompiler.Updateable = "true"
		Release.AspNetCompiler.ForceOverwrite = "true"
		Release.AspNetCompiler.FixedNames = "false"
		Release.AspNetCompiler.Debug = "False"
		VWDPort = "14232"
	EndProjectSection
EndProject
Global
	GlobalSection(SolutionConfigurationPlatforms) = preSolution
		Debug|.NET = Debug|.NET
	EndGlobalSection
	GlobalSection(ProjectConfigurationPlatforms) = postSolution
		{E79735B3-CC8C-4213-AE7E-9AB5B03C3824}.Debug|.NET.ActiveCfg = Debug|.NET
		{E79735B3-CC8C-4213-AE7E-9AB5B03C3824}.Debug|.NET.Build.0 = Debug|.NET
	EndGlobalSection
	GlobalSection(SolutionProperties) = preSolution
		HideSolutionNode = FALSE
	EndGlobalSection
	GlobalSection(ExtensibilityGlobals) = postSolution
		VisualSVNWorkingCopyRoot = 
	EndGlobalSection
EndGlobal
